
Microsoft Visual Studio Solution File, Format Version 12.00
# Visual Studio Version 16
VisualStudioVersion = 16.0.30011.22
MinimumVisualStudioVersion = 10.0.40219.1
Project("{FAE04EC0-301F-11D3-BF4B-00C04F79EFBC}") = "MyWebAPI", "MyWebAPI\MyWebAPI.csproj", "{B5B2D242-4080-40A5-BACF-6744500E0B0A}"
EndProject
Global
	GlobalSection(SolutionConfigurationPlatforms) = preSolution
		Debug|Any CPU = Debug|Any CPU
		Release|Any CPU = Release|Any CPU
	EndGlobalSection
	GlobalSection(ProjectConfigurationPlatforms) = postSolution
		{B5B2D242-4080-40A5-BACF-6744500E0B0A}.Debug|Any CPU.ActiveCfg = Debug|Any CPU
		{B5B2D242-4080-40A5-BACF-6744500E0B0A}.Debug|Any CPU.Build.0 = Debug|Any CPU
		{B5B2D242-4080-40A5-BACF-6744500E0B0A}.Release|Any CPU.ActiveCfg = Release|Any CPU
		{B5B2D242-4080-40A5-BACF-6744500E0B0A}.Release|Any CPU.Build.0 = Release|Any CPU
	EndGlobalSection
	GlobalSection(SolutionProperties) = preSolution
		HideSolutionNode = FALSE
	EndGlobalSection
	GlobalSection(ExtensibilityGlobals) = postSolution
		SolutionGuid = {3AB2A208-9939-4C47-B9E1-B667FAF88150}
	EndGlobalSection
EndGlobal
